
Microsoft Visual Studio Solution File, Format Version 12.00
# Visual Studio Version 17
VisualStudioVersion = 17.2.32519.379
MinimumVisualStudioVersion = 10.0.40219.1
Project("{9A19103F-16F7-4668-BE54-9A1E7A4F7556}") = "SF.Module35", "SF.Module35\SF.Module35.csproj", "{458CB3F2-EF78-42E9-83B7-A36AAF8B54AB}"
EndProject
Project("{2150E333-8FDC-42A3-9474-1A3956D46DE8}") = "Solution Items", "Solution Items", "{32D66703-52FC-41CF-AA9F-2D90C5268181}"
	ProjectSection(SolutionItems) = preProject
		README.md = README.md
	EndProjectSection
EndProject
Global
	GlobalSection(SolutionConfigurationPlatforms) = preSolution
		Debug|Any CPU = Debug|Any CPU
		Release|Any CPU = Release|Any CPU
	EndGlobalSection
	GlobalSection(ProjectConfigurationPlatforms) = postSolution
		{458CB3F2-EF78-42E9-83B7-A36AAF8B54AB}.Debug|Any CPU.ActiveCfg = Debug|Any CPU
		{458CB3F2-EF78-42E9-83B7-A36AAF8B54AB}.Debug|Any CPU.Build.0 = Debug|Any CPU
		{458CB3F2-EF78-42E9-83B7-A36AAF8B54AB}.Release|Any CPU.ActiveCfg = Release|Any CPU
		{458CB3F2-EF78-42E9-83B7-A36AAF8B54AB}.Release|Any CPU.Build.0 = Release|Any CPU
	EndGlobalSection
	GlobalSection(SolutionProperties) = preSolution
		HideSolutionNode = FALSE
	EndGlobalSection
	GlobalSection(ExtensibilityGlobals) = postSolution
		SolutionGuid = {5D55337B-E67B-4A25-911D-C52DC9699FDD}
	EndGlobalSection
EndGlobal
