
Microsoft Visual Studio Solution File, Format Version 12.00
# Visual Studio Version 16
VisualStudioVersion = 16.0.31829.152
MinimumVisualStudioVersion = 10.0.40219.1
Project("{9A19103F-16F7-4668-BE54-9A1E7A4F7556}") = "SF.TelegramBot", "SF.TelegramBot\SF.TelegramBot.csproj", "{C777EA5B-044B-456A-91E9-0A05EAE199CD}"
EndProject
Project("{2150E333-8FDC-42A3-9474-1A3956D46DE8}") = "Solution Items", "Solution Items", "{FE037142-C732-496B-A533-2C6890798398}"
	ProjectSection(SolutionItems) = preProject
		README.md = README.md
	EndProjectSection
EndProject
Global
	GlobalSection(SolutionConfigurationPlatforms) = preSolution
		Debug|Any CPU = Debug|Any CPU
		Release|Any CPU = Release|Any CPU
	EndGlobalSection
	GlobalSection(ProjectConfigurationPlatforms) = postSolution
		{C777EA5B-044B-456A-91E9-0A05EAE199CD}.Debug|Any CPU.ActiveCfg = Debug|Any CPU
		{C777EA5B-044B-456A-91E9-0A05EAE199CD}.Debug|Any CPU.Build.0 = Debug|Any CPU
		{C777EA5B-044B-456A-91E9-0A05EAE199CD}.Release|Any CPU.ActiveCfg = Release|Any CPU
		{C777EA5B-044B-456A-91E9-0A05EAE199CD}.Release|Any CPU.Build.0 = Release|Any CPU
	EndGlobalSection
	GlobalSection(SolutionProperties) = preSolution
		HideSolutionNode = FALSE
	EndGlobalSection
	GlobalSection(ExtensibilityGlobals) = postSolution
		SolutionGuid = {7B4636F6-AB1C-4A61-AC1E-46F3BBB96280}
	EndGlobalSection
EndGlobal
